PODS:
  - CCMPopup (1.1.0)
  - SCrypto (4.0.1)

DEPENDENCIES:
  - CCMPopup
  - SCrypto

SPEC REPOS:
  trunk:
    - CCMPopup
    - SCrypto

SPEC CHECKSUMS:
  CCMPopup: e41fad5b8a0823c9cddea8eab6d431670c9dabe5
  SCrypto: 2f817ed408a749840e5c40d2ffb351e415ac6b74

PODFILE CHECKSUM: c7f27115114bb24b1ed10824f5921b066b7e1de9

COCOAPODS: 1.10.0
